// !$*UTF8*$!
{
	archiveVersion = 1;
	classes = {
	};
	objectVersion = 46;
	objects = {

/* Begin PBXBuildFile section */
		A8F84D5B1E7E827900CD20B4 /* AppDelegate.swift in Sources */ = {isa = PBXBuildFile; fileRef = A8F84D5A1E7E827900CD20B4 /* AppDelegate.swift */; };
		A8F84D601E7E827900CD20B4 /* Main.storyboard in Resources */ = {isa = PBXBuildFile; fileRef = A8F84D5E1E7E827900CD20B4 /* Main.storyboard */; };
		A8F84D621E7E827900CD20B4 /* Assets.xcassets in Resources */ = {isa = PBXBuildFile; fileRef = A8F84D611E7E827900CD20B4 /* Assets.xcassets */; };
		A8F84D651E7E827900CD20B4 /* LaunchScreen.storyboard in Resources */ = {isa = PBXBuildFile; fileRef = A8F84D631E7E827900CD20B4 /* LaunchScreen.storyboard */; };
		A8F84D701E7E827900CD20B4 /* mvvm_turorialTests.swift in Sources */ = {isa = PBXBuildFile; fileRef = A8F84D6F1E7E827900CD20B4 /* mvvm_turorialTests.swift */; };
		A8F84D7B1E7E827900CD20B4 /* mvvm_turorialUITests.swift in Sources */ = {isa = PBXBuildFile; fileRef = A8F84D7A1E7E827900CD20B4 /* mvvm_turorialUITests.swift */; };
		A8F84D8B1E7EAF1C00CD20B4 /* Car.swift in Sources */ = {isa = PBXBuildFile; fileRef = A8F84D8A1E7EAF1C00CD20B4 /* Car.swift */; };
		A8F84D8D1E7EB17600CD20B4 /* TableViewController.swift in Sources */ = {isa = PBXBuildFile; fileRef = A8F84D8C1E7EB17600CD20B4 /* TableViewController.swift */; };
		B2AC0D92E7062EAF5F8AB0E4 /* Pods_mvvm_turorial.framework in Frameworks */ = {isa = PBXBuildFile; fileRef = F7E98124273CE9D95813B3B6 /* Pods_mvvm_turorial.framework */; };
		E4F4CA965F1E752CED52321E /* Pods_mvvm_turorialUITests.framework in Frameworks */ = {isa = PBXBuildFile; fileRef = 507B242065E7044B931AC9DD /* Pods_mvvm_turorialUITests.framework */; };
		EE744E2BA3B402FE64344FC0 /* Pods_mvvm_turorialTests.framework in Frameworks */ = {isa = PBXBuildFile; fileRef = 995388FCB6F857A8BF243271 /* Pods_mvvm_turorialTests.framework */; };
/* End PBXBuildFile section */

/* Begin PBXContainerItemProxy section */
		A8F84D6C1E7E827900CD20B4 /* PBXContainerItemProxy */ = {
			isa = PBXContainerItemProxy;
			containerPortal = A8F84D4F1E7E827800CD20B4 /* Project object */;
			proxyType = 1;
			remoteGlobalIDString = A8F84D561E7E827800CD20B4;
			remoteInfo = "mvvm-turorial";
		};
		A8F84D771E7E827900CD20B4 /* PBXContainerItemProxy */ = {
			isa = PBXContainerItemProxy;
			containerPortal = A8F84D4F1E7E827800CD20B4 /* Project object */;
			proxyType = 1;
			remoteGlobalIDString = A8F84D561E7E827800CD20B4;
			remoteInfo = "mvvm-turorial";
		};
/* End PBXContainerItemProxy section */

/* Begin PBXFileReference section */
		3EDE03F3B5908C4C3E17672D /* Pods-mvvm-turorialUITests.debug.xcconfig */ = {isa = PBXFileReference; includeInIndex = 1; lastKnownFileType = text.xcconfig; name = "Pods-mvvm-turorialUITests.debug.xcconfig"; path = "Pods/Target Support Files/Pods-mvvm-turorialUITests/Pods-mvvm-turorialUITests.debug.xcconfig"; sourceTree = "<group>"; };
		507B242065E7044B931AC9DD /* Pods_mvvm_turorialUITests.framework */ = {isa = PBXFileReference; explicitFileType = wrapper.framework; includeInIndex = 0; path = Pods_mvvm_turorialUITests.framework; sourceTree = BUILT_PRODUCTS_DIR; };
		7E3E5B0D28168EA00001AC82 /* Pods-mvvm-turorialTests.debug.xcconfig */ = {isa = PBXFileReference; includeInIndex = 1; lastKnownFileType = text.xcconfig; name = "Pods-mvvm-turorialTests.debug.xcconfig"; path = "Pods/Target Support Files/Pods-mvvm-turorialTests/Pods-mvvm-turorialTests.debug.xcconfig"; sourceTree = "<group>"; };
		995388FCB6F857A8BF243271 /* Pods_mvvm_turorialTests.framework */ = {isa = PBXFileReference; explicitFileType = wrapper.framework; includeInIndex = 0; path = Pods_mvvm_turorialTests.framework; sourceTree = BUILT_PRODUCTS_DIR; };
		A8F84D571E7E827900CD20B4 /* mvvm-turorial.app */ = {isa = PBXFileReference; explicitFileType = wrapper.application; includeInIndex = 0; path = "mvvm-turorial.app"; sourceTree = BUILT_PRODUCTS_DIR; };
		A8F84D5A1E7E827900CD20B4 /* AppDelegate.swift */ = {isa = PBXFileReference; lastKnownFileType = sourcecode.swift; path = AppDelegate.swift; sourceTree = "<group>"; };
		A8F84D5F1E7E827900CD20B4 /* Base */ = {isa = PBXFileReference; lastKnownFileType = file.storyboard; name = Base; path = Base.lproj/Main.storyboard; sourceTree = "<group>"; };
		A8F84D611E7E827900CD20B4 /* Assets.xcassets */ = {isa = PBXFileReference; lastKnownFileType = folder.assetcatalog; path = Assets.xcassets; sourceTree = "<group>"; };
		A8F84D641E7E827900CD20B4 /* Base */ = {isa = PBXFileReference; lastKnownFileType = file.storyboard; name = Base; path = Base.lproj/LaunchScreen.storyboard; sourceTree = "<group>"; };
		A8F84D661E7E827900CD20B4 /* Info.plist */ = {isa = PBXFileReference; lastKnownFileType = text.plist.xml; path = Info.plist; sourceTree = "<group>"; };
		A8F84D6B1E7E827900CD20B4 /* mvvm-turorialTests.xctest */ = {isa = PBXFileReference; explicitFileType = wrapper.cfbundle; includeInIndex = 0; path = "mvvm-turorialTests.xctest"; sourceTree = BUILT_PRODUCTS_DIR; };
		A8F84D6F1E7E827900CD20B4 /* mvvm_turorialTests.swift */ = {isa = PBXFileReference; lastKnownFileType = sourcecode.swift; path = mvvm_turorialTests.swift; sourceTree = "<group>"; };
		A8F84D711E7E827900CD20B4 /* Info.plist */ = {isa = PBXFileReference; lastKnownFileType = text.plist.xml; path = Info.plist; sourceTree = "<group>"; };
		A8F84D761E7E827900CD20B4 /* mvvm-turorialUITests.xctest */ = {isa = PBXFileReference; explicitFileType = wrapper.cfbundle; includeInIndex = 0; path = "mvvm-turorialUITests.xctest"; sourceTree = BUILT_PRODUCTS_DIR; };
		A8F84D7A1E7E827900CD20B4 /* mvvm_turorialUITests.swift */ = {isa = PBXFileReference; lastKnownFileType = sourcecode.swift; path = mvvm_turorialUITests.swift; sourceTree = "<group>"; };
		A8F84D7C1E7E827900CD20B4 /* Info.plist */ = {isa = PBXFileReference; lastKnownFileType = text.plist.xml; path = Info.plist; sourceTree = "<group>"; };
		A8F84D8A1E7EAF1C00CD20B4 /* Car.swift */ = {isa = PBXFileReference; fileEncoding = 4; lastKnownFileType = sourcecode.swift; path = Car.swift; sourceTree = "<group>"; };
		A8F84D8C1E7EB17600CD20B4 /* TableViewController.swift */ = {isa = PBXFileReference; fileEncoding = 4; lastKnownFileType = sourcecode.swift; path = TableViewController.swift; sourceTree = "<group>"; };
		AA1F9627CE06EACA067A214F /* Pods-mvvm-turorial.release.xcconfig */ = {isa = PBXFileReference; includeInIndex = 1; lastKnownFileType = text.xcconfig; name = "Pods-mvvm-turorial.release.xcconfig"; path = "Pods/Target Support Files/Pods-mvvm-turorial/Pods-mvvm-turorial.release.xcconfig"; sourceTree = "<group>"; };
		CEFFAD9FA175982293A4013D /* Pods-mvvm-turorial.debug.xcconfig */ = {isa = PBXFileReference; includeInIndex = 1; lastKnownFileType = text.xcconfig; name = "Pods-mvvm-turorial.debug.xcconfig"; path = "Pods/Target Support Files/Pods-mvvm-turorial/Pods-mvvm-turorial.debug.xcconfig"; sourceTree = "<group>"; };
		E8CEDFAEC43183E85076AD83 /* Pods-mvvm-turorialTests.release.xcconfig */ = {isa = PBXFileReference; includeInIndex = 1; lastKnownFileType = text.xcconfig; name = "Pods-mvvm-turorialTests.release.xcconfig"; path = "Pods/Target Support Files/Pods-mvvm-turorialTests/Pods-mvvm-turorialTests.release.xcconfig"; sourceTree = "<group>"; };
		EEDE8F4414FAA142627A0148 /* Pods-mvvm-turorialUITests.release.xcconfig */ = {isa = PBXFileReference; includeInIndex = 1; lastKnownFileType = text.xcconfig; name = "Pods-mvvm-turorialUITests.release.xcconfig"; path = "Pods/Target Support Files/Pods-mvvm-turorialUITests/Pods-mvvm-turorialUITests.release.xcconfig"; sourceTree = "<group>"; };
		F7E98124273CE9D95813B3B6 /* Pods_mvvm_turorial.framework */ = {isa = PBXFileReference; explicitFileType = wrapper.framework; includeInIndex = 0; path = Pods_mvvm_turorial.framework; sourceTree = BUILT_PRODUCTS_DIR; };
/* End PBXFileReference section */

/* Begin PBXFrameworksBuildPhase section */
		A8F84D541E7E827800CD20B4 /* Frameworks */ = {
			isa = PBXFrameworksBuildPhase;
			buildActionMask = 2147483647;
			files = (
				B2AC0D92E7062EAF5F8AB0E4 /* Pods_mvvm_turorial.framework in Frameworks */,
			);
			runOnlyForDeploymentPostprocessing = 0;
		};
		A8F84D681E7E827900CD20B4 /* Frameworks */ = {
			isa = PBXFrameworksBuildPhase;
			buildActionMask = 2147483647;
			files = (
				EE744E2BA3B402FE64344FC0 /* Pods_mvvm_turorialTests.framework in Frameworks */,
			);
			runOnlyForDeploymentPostprocessing = 0;
		};
		A8F84D731E7E827900CD20B4 /* Frameworks */ = {
			isa = PBXFrameworksBuildPhase;
			buildActionMask = 2147483647;
			files = (
				E4F4CA965F1E752CED52321E /* Pods_mvvm_turorialUITests.framework in Frameworks */,
			);
			runOnlyForDeploymentPostprocessing = 0;
		};
/* End PBXFrameworksBuildPhase section */

/* Begin PBXGroup section */
		8E8B870EADCECDAFEA078617 /* Frameworks */ = {
			isa = PBXGroup;
			children = (
				F7E98124273CE9D95813B3B6 /* Pods_mvvm_turorial.framework */,
				995388FCB6F857A8BF243271 /* Pods_mvvm_turorialTests.framework */,
				507B242065E7044B931AC9DD /* Pods_mvvm_turorialUITests.framework */,
			);
			name = Frameworks;
			sourceTree = "<group>";
		};
		A77FE2C741D309B3EEEDAD1F /* Pods */ = {
			isa = PBXGroup;
			children = (
				CEFFAD9FA175982293A4013D /* Pods-mvvm-turorial.debug.xcconfig */,
				AA1F9627CE06EACA067A214F /* Pods-mvvm-turorial.release.xcconfig */,
				7E3E5B0D28168EA00001AC82 /* Pods-mvvm-turorialTests.debug.xcconfig */,
				E8CEDFAEC43183E85076AD83 /* Pods-mvvm-turorialTests.release.xcconfig */,
				3EDE03F3B5908C4C3E17672D /* Pods-mvvm-turorialUITests.debug.xcconfig */,
				EEDE8F4414FAA142627A0148 /* Pods-mvvm-turorialUITests.release.xcconfig */,
			);
			name = Pods;
			sourceTree = "<group>";
		};
		A8F84D4E1E7E827800CD20B4 = {
			isa = PBXGroup;
			children = (
				A8F84D591E7E827900CD20B4 /* mvvm-turorial */,
				A8F84D6E1E7E827900CD20B4 /* mvvm-turorialTests */,
				A8F84D791E7E827900CD20B4 /* mvvm-turorialUITests */,
				A8F84D581E7E827900CD20B4 /* Products */,
				A77FE2C741D309B3EEEDAD1F /* Pods */,
				8E8B870EADCECDAFEA078617 /* Frameworks */,
			);
			sourceTree = "<group>";
		};
		A8F84D581E7E827900CD20B4 /* Products */ = {
			isa = PBXGroup;
			children = (
				A8F84D571E7E827900CD20B4 /* mvvm-turorial.app */,
				A8F84D6B1E7E827900CD20B4 /* mvvm-turorialTests.xctest */,
				A8F84D761E7E827900CD20B4 /* mvvm-turorialUITests.xctest */,
			);
			name = Products;
			sourceTree = "<group>";
		};
		A8F84D591E7E827900CD20B4 /* mvvm-turorial */ = {
			isa = PBXGroup;
			children = (
				A8F84D5A1E7E827900CD20B4 /* AppDelegate.swift */,
				A8F84D5E1E7E827900CD20B4 /* Main.storyboard */,
				A8F84D8C1E7EB17600CD20B4 /* TableViewController.swift */,
				A8F84D611E7E827900CD20B4 /* Assets.xcassets */,
				A8F84D631E7E827900CD20B4 /* LaunchScreen.storyboard */,
				A8F84D661E7E827900CD20B4 /* Info.plist */,
				A8F84D8A1E7EAF1C00CD20B4 /* Car.swift */,
			);
			path = "mvvm-turorial";
			sourceTree = "<group>";
		};
		A8F84D6E1E7E827900CD20B4 /* mvvm-turorialTests */ = {
			isa = PBXGroup;
			children = (
				A8F84D6F1E7E827900CD20B4 /* mvvm_turorialTests.swift */,
				A8F84D711E7E827900CD20B4 /* Info.plist */,
			);
			path = "mvvm-turorialTests";
			sourceTree = "<group>";
		};
		A8F84D791E7E827900CD20B4 /* mvvm-turorialUITests */ = {
			isa = PBXGroup;
			children = (
				A8F84D7A1E7E827900CD20B4 /* mvvm_turorialUITests.swift */,
				A8F84D7C1E7E827900CD20B4 /* Info.plist */,
			);
			path = "mvvm-turorialUITests";
			sourceTree = "<group>";
		};
/* End PBXGroup section */

/* Begin PBXNativeTarget section */
		A8F84D561E7E827800CD20B4 /* mvvm-turorial */ = {
			isa = PBXNativeTarget;
			buildConfigurationList = A8F84D7F1E7E827900CD20B4 /* Build configuration list for PBXNativeTarget "mvvm-turorial" */;
			buildPhases = (
				92F3E157D983197DDFFDD447 /* [CP] Check Pods Manifest.lock */,
				A8F84D531E7E827800CD20B4 /* Sources */,
				A8F84D541E7E827800CD20B4 /* Frameworks */,
				A8F84D551E7E827800CD20B4 /* Resources */,
				73CAF82991B9E1DFEF7D6D45 /* [CP] Embed Pods Frameworks */,
				DBB367D91462752C35BB754F /* [CP] Copy Pods Resources */,
			);
			buildRules = (
			);
			dependencies = (
			);
			name = "mvvm-turorial";
			productName = "mvvm-turorial";
			productReference = A8F84D571E7E827900CD20B4 /* mvvm-turorial.app */;
			productType = "com.apple.product-type.application";
		};
		A8F84D6A1E7E827900CD20B4 /* mvvm-turorialTests */ = {
			isa = PBXNativeTarget;
			buildConfigurationList = A8F84D821E7E827900CD20B4 /* Build configuration list for PBXNativeTarget "mvvm-turorialTests" */;
			buildPhases = (
				124363838B9BCCA14773B7A5 /* [CP] Check Pods Manifest.lock */,
				A8F84D671E7E827900CD20B4 /* Sources */,
				A8F84D681E7E827900CD20B4 /* Frameworks */,
				A8F84D691E7E827900CD20B4 /* Resources */,
				7E4E00A141FC2680D9FD3AA0 /* [CP] Embed Pods Frameworks */,
				4A86783AF59793CBEE9E2BD3 /* [CP] Copy Pods Resources */,
			);
			buildRules = (
			);
			dependencies = (
				A8F84D6D1E7E827900CD20B4 /* PBXTargetDependency */,
			);
			name = "mvvm-turorialTests";
			productName = "mvvm-turorialTests";
			productReference = A8F84D6B1E7E827900CD20B4 /* mvvm-turorialTests.xctest */;
			productType = "com.apple.product-type.bundle.unit-test";
		};
		A8F84D751E7E827900CD20B4 /* mvvm-turorialUITests */ = {
			isa = PBXNativeTarget;
			buildConfigurationList = A8F84D851E7E827900CD20B4 /* Build configuration list for PBXNativeTarget "mvvm-turorialUITests" */;
			buildPhases = (
				49A6AED57DDF8836D3B4AE98 /* [CP] Check Pods Manifest.lock */,
				A8F84D721E7E827900CD20B4 /* Sources */,
				A8F84D731E7E827900CD20B4 /* Frameworks */,
				A8F84D741E7E827900CD20B4 /* Resources */,
				6C38CAD0FB51F2115F985FE1 /* [CP] Embed Pods Frameworks */,
				CF57A521B9AA6960B0C28373 /* [CP] Copy Pods Resources */,
			);
			buildRules = (
			);
			dependencies = (
				A8F84D781E7E827900CD20B4 /* PBXTargetDependency */,
			);
			name = "mvvm-turorialUITests";
			productName = "mvvm-turorialUITests";
			productReference = A8F84D761E7E827900CD20B4 /* mvvm-turorialUITests.xctest */;
			productType = "com.apple.product-type.bundle.ui-testing";
		};
/* End PBXNativeTarget section */

/* Begin PBXProject section */
		A8F84D4F1E7E827800CD20B4 /* Project object */ = {
			isa = PBXProject;
			attributes = {
				LastSwiftUpdateCheck = 0820;
				LastUpgradeCheck = 0820;
				ORGANIZATIONNAME = TheJason;
				TargetAttributes = {
					A8F84D561E7E827800CD20B4 = {
						CreatedOnToolsVersion = 8.2.1;
						ProvisioningStyle = Automatic;
					};
					A8F84D6A1E7E827900CD20B4 = {
						CreatedOnToolsVersion = 8.2.1;
						ProvisioningStyle = Automatic;
						TestTargetID = A8F84D561E7E827800CD20B4;
					};
					A8F84D751E7E827900CD20B4 = {
						CreatedOnToolsVersion = 8.2.1;
						ProvisioningStyle = Automatic;
						TestTargetID = A8F84D561E7E827800CD20B4;
					};
				};
			};
			buildConfigurationList = A8F84D521E7E827800CD20B4 /* Build configuration list for PBXProject "mvvm-turorial" */;
			compatibilityVersion = "Xcode 3.2";
			developmentRegion = English;
			hasScannedForEncodings = 0;
			knownRegions = (
				en,
				Base,
			);
			mainGroup = A8F84D4E1E7E827800CD20B4;
			productRefGroup = A8F84D581E7E827900CD20B4 /* Products */;
			projectDirPath = "";
			projectRoot = "";
			targets = (
				A8F84D561E7E827800CD20B4 /* mvvm-turorial */,
				A8F84D6A1E7E827900CD20B4 /* mvvm-turorialTests */,
				A8F84D751E7E827900CD20B4 /* mvvm-turorialUITests */,
			);
		};
/* End PBXProject section */

/* Begin PBXResourcesBuildPhase section */
		A8F84D551E7E827800CD20B4 /* Resources */ = {
			isa = PBXResourcesBuildPhase;
			buildActionMask = 2147483647;
			files = (
				A8F84D651E7E827900CD20B4 /* LaunchScreen.storyboard in Resources */,
				A8F84D621E7E827900CD20B4 /* Assets.xcassets in Resources */,
				A8F84D601E7E827900CD20B4 /* Main.storyboard in Resources */,
			);
			runOnlyForDeploymentPostprocessing = 0;
		};
		A8F84D691E7E827900CD20B4 /* Resources */ = {
			isa = PBXResourcesBuildPhase;
			buildActionMask = 2147483647;
			files = (
			);
			runOnlyForDeploymentPostprocessing = 0;
		};
		A8F84D741E7E827900CD20B4 /* Resources */ = {
			isa = PBXResourcesBuildPhase;
			buildActionMask = 2147483647;
			files = (
			);
			runOnlyForDeploymentPostprocessing = 0;
		};
/* End PBXResourcesBuildPhase section */

/* Begin PBXShellScriptBuildPhase section */
		124363838B9BCCA14773B7A5 /* [CP] Check Pods Manifest.lock */ = {
			isa = PBXShellScriptBuildPhase;
			buildActionMask = 2147483647;
			files = (
			);
			inputPaths = (
			);
			name = "[CP] Check Pods Manifest.lock";
			outputPaths = (
			);
			runOnlyForDeploymentPostprocessing = 0;
			shellPath = /bin/sh;
			shellScript = "diff \"${PODS_PODFILE_DIR_PATH}/Podfile.lock\" \"${PODS_ROOT}/Manifest.lock\" > /dev/null\nif [ $? != 0 ] ; then\n    # print error to STDERR\n    echo \"error: The sandbox is not in sync with the Podfile.lock. Run 'pod install' or update your CocoaPods installation.\" >&2\n    exit 1\nfi\n";
			showEnvVarsInLog = 0;
		};
		49A6AED57DDF8836D3B4AE98 /* [CP] Check Pods Manifest.lock */ = {
			isa = PBXShellScriptBuildPhase;
			buildActionMask = 2147483647;
			files = (
			);
			inputPaths = (
			);
			name = "[CP] Check Pods Manifest.lock";
			outputPaths = (
			);
			runOnlyForDeploymentPostprocessing = 0;
			shellPath = /bin/sh;
			shellScript = "diff \"${PODS_PODFILE_DIR_PATH}/Podfile.lock\" \"${PODS_ROOT}/Manifest.lock\" > /dev/null\nif [ $? != 0 ] ; then\n    # print error to STDERR\n    echo \"error: The sandbox is not in sync with the Podfile.lock. Run 'pod install' or update your CocoaPods installation.\" >&2\n    exit 1\nfi\n";
			showEnvVarsInLog = 0;
		};
		4A86783AF59793CBEE9E2BD3 /* [CP] Copy Pods Resources */ = {
			isa = PBXShellScriptBuildPhase;
			buildActionMask = 2147483647;
			files = (
			);
			inputPaths = (
			);
			name = "[CP] Copy Pods Resources";
			outputPaths = (
			);
			runOnlyForDeploymentPostprocessing = 0;
			shellPath = /bin/sh;
			shellScript = "\"${SRCROOT}/Pods/Target Support Files/Pods-mvvm-turorialTests/Pods-mvvm-turorialTests-resources.sh\"\n";
			showEnvVarsInLog = 0;
		};
		6C38CAD0FB51F2115F985FE1 /* [CP] Embed Pods Frameworks */ = {
			isa = PBXShellScriptBuildPhase;
			buildActionMask = 2147483647;
			files = (
			);
			inputPaths = (
			);
			name = "[CP] Embed Pods Frameworks";
			outputPaths = (
			);
			runOnlyForDeploymentPostprocessing = 0;
			shellPath = /bin/sh;
			shellScript = "\"${SRCROOT}/Pods/Target Support Files/Pods-mvvm-turorialUITests/Pods-mvvm-turorialUITests-frameworks.sh\"\n";
			showEnvVarsInLog = 0;
		};
		73CAF82991B9E1DFEF7D6D45 /* [CP] Embed Pods Frameworks */ = {
			isa = PBXShellScriptBuildPhase;
			buildActionMask = 2147483647;
			files = (
			);
			inputPaths = (
			);
			name = "[CP] Embed Pods Frameworks";
			outputPaths = (
			);
			runOnlyForDeploymentPostprocessing = 0;
			shellPath = /bin/sh;
			shellScript = "\"${SRCROOT}/Pods/Target Support Files/Pods-mvvm-turorial/Pods-mvvm-turorial-frameworks.sh\"\n";
			showEnvVarsInLog = 0;
		};
		7E4E00A141FC2680D9FD3AA0 /* [CP] Embed Pods Frameworks */ = {
			isa = PBXShellScriptBuildPhase;
			buildActionMask = 2147483647;
			files = (
			);
			inputPaths = (
			);
			name = "[CP] Embed Pods Frameworks";
			outputPaths = (
			);
			runOnlyForDeploymentPostprocessing = 0;
			shellPath = /bin/sh;
			shellScript = "\"${SRCROOT}/Pods/Target Support Files/Pods-mvvm-turorialTests/Pods-mvvm-turorialTests-frameworks.sh\"\n";
			showEnvVarsInLog = 0;
		};
		92F3E157D983197DDFFDD447 /* [CP] Check Pods Manifest.lock */ = {
			isa = PBXShellScriptBuildPhase;
			buildActionMask = 2147483647;
			files = (
			);
			inputPaths = (
			);
			name = "[CP] Check Pods Manifest.lock";
			outputPaths = (
			);
			runOnlyForDeploymentPostprocessing = 0;
			shellPath = /bin/sh;
			shellScript = "diff \"${PODS_PODFILE_DIR_PATH}/Podfile.lock\" \"${PODS_ROOT}/Manifest.lock\" > /dev/null\nif [ $? != 0 ] ; then\n    # print error to STDERR\n    echo \"error: The sandbox is not in sync with the Podfile.lock. Run 'pod install' or update your CocoaPods installation.\" >&2\n    exit 1\nfi\n";
			showEnvVarsInLog = 0;
		};
		CF57A521B9AA6960B0C28373 /* [CP] Copy Pods Resources */ = {
			isa = PBXShellScriptBuildPhase;
			buildActionMask = 2147483647;
			files = (
			);
			inputPaths = (
			);
			name = "[CP] Copy Pods Resources";
			outputPaths = (
			);
			runOnlyForDeploymentPostprocessing = 0;
			shellPath = /bin/sh;
			shellScript = "\"${SRCROOT}/Pods/Target Support Files/Pods-mvvm-turorialUITests/Pods-mvvm-turorialUITests-resources.sh\"\n";
			showEnvVarsInLog = 0;
		};
		DBB367D91462752C35BB754F /* [CP] Copy Pods Resources */ = {
			isa = PBXShellScriptBuildPhase;
			buildActionMask = 2147483647;
			files = (
			);
			inputPaths = (
			);
			name = "[CP] Copy Pods Resources";
			outputPaths = (
			);
			runOnlyForDeploymentPostprocessing = 0;
			shellPath = /bin/sh;
			shellScript = "\"${SRCROOT}/Pods/Target Support Files/Pods-mvvm-turorial/Pods-mvvm-turorial-resources.sh\"\n";
			showEnvVarsInLog = 0;
		};
/* End PBXShellScriptBuildPhase section */

/* Begin PBXSourcesBuildPhase section */
		A8F84D531E7E827800CD20B4 /* Sources */ = {
			isa = PBXSourcesBuildPhase;
			buildActionMask = 2147483647;
			files = (
				A8F84D5B1E7E827900CD20B4 /* AppDelegate.swift in Sources */,
				A8F84D8D1E7EB17600CD20B4 /* TableViewController.swift in Sources */,
				A8F84D8B1E7EAF1C00CD20B4 /* Car.swift in Sources */,
			);
			runOnlyForDeploymentPostprocessing = 0;
		};
		A8F84D671E7E827900CD20B4 /* Sources */ = {
			isa = PBXSourcesBuildPhase;
			buildActionMask = 2147483647;
			files = (
				A8F84D701E7E827900CD20B4 /* mvvm_turorialTests.swift in Sources */,
			);
			runOnlyForDeploymentPostprocessing = 0;
		};
		A8F84D721E7E827900CD20B4 /* Sources */ = {
			isa = PBXSourcesBuildPhase;
			buildActionMask = 2147483647;
			files = (
				A8F84D7B1E7E827900CD20B4 /* mvvm_turorialUITests.swift in Sources */,
			);
			runOnlyForDeploymentPostprocessing = 0;
		};
/* End PBXSourcesBuildPhase section */

/* Begin PBXTargetDependency section */
		A8F84D6D1E7E827900CD20B4 /* PBXTargetDependency */ = {
			isa = PBXTargetDependency;
			target = A8F84D561E7E827800CD20B4 /* mvvm-turorial */;
			targetProxy = A8F84D6C1E7E827900CD20B4 /* PBXContainerItemProxy */;
		};
		A8F84D781E7E827900CD20B4 /* PBXTargetDependency */ = {
			isa = PBXTargetDependency;
			target = A8F84D561E7E827800CD20B4 /* mvvm-turorial */;
			targetProxy = A8F84D771E7E827900CD20B4 /* PBXContainerItemProxy */;
		};
/* End PBXTargetDependency section */

/* Begin PBXVariantGroup section */
		A8F84D5E1E7E827900CD20B4 /* Main.storyboard */ = {
			isa = PBXVariantGroup;
			children = (
				A8F84D5F1E7E827900CD20B4 /* Base */,
			);
			name = Main.storyboard;
			sourceTree = "<group>";
		};
		A8F84D631E7E827900CD20B4 /* LaunchScreen.storyboard */ = {
			isa = PBXVariantGroup;
			children = (
				A8F84D641E7E827900CD20B4 /* Base */,
			);
			name = LaunchScreen.storyboard;
			sourceTree = "<group>";
		};
/* End PBXVariantGroup section */

/* Begin XCBuildConfiguration section */
		A8F84D7D1E7E827900CD20B4 /* Debug */ = {
			isa = XCBuildConfiguration;
			buildSettings = {
				ALWAYS_SEARCH_USER_PATHS = NO;
				CLANG_ANALYZER_NONNULL = YES;
				CLANG_CXX_LANGUAGE_STANDARD = "gnu++0x";
				CLANG_CXX_LIBRARY = "libc++";
				CLANG_ENABLE_MODULES = YES;
				CLANG_ENABLE_OBJC_ARC = YES;
				CLANG_WARN_BOOL_CONVERSION = YES;
				CLANG_WARN_CONSTANT_CONVERSION = YES;
				CLANG_WARN_DIRECT_OBJC_ISA_USAGE = YES_ERROR;
				CLANG_WARN_DOCUMENTATION_COMMENTS = YES;
				CLANG_WARN_EMPTY_BODY = YES;
				CLANG_WARN_ENUM_CONVERSION = YES;
				CLANG_WARN_INFINITE_RECURSION = YES;
				CLANG_WARN_INT_CONVERSION = YES;
				CLANG_WARN_OBJC_ROOT_CLASS = YES_ERROR;
				CLANG_WARN_SUSPICIOUS_MOVE = YES;
				CLANG_WARN_UNREACHABLE_CODE = YES;
				CLANG_WARN__DUPLICATE_METHOD_MATCH = YES;
				"CODE_SIGN_IDENTITY[sdk=iphoneos*]" = "iPhone Developer";
				COPY_PHASE_STRIP = NO;
				DEBUG_INFORMATION_FORMAT = dwarf;
				ENABLE_STRICT_OBJC_MSGSEND = YES;
				ENABLE_TESTABILITY = YES;
				GCC_C_LANGUAGE_STANDARD = gnu99;
				GCC_DYNAMIC_NO_PIC = NO;
				GCC_NO_COMMON_BLOCKS = YES;
				GCC_OPTIMIZATION_LEVEL = 0;
				GCC_PREPROCESSOR_DEFINITIONS = (
					"DEBUG=1",
					"$(inherited)",
				);
				GCC_WARN_64_TO_32_BIT_CONVERSION = YES;
				GCC_WARN_ABOUT_RETURN_TYPE = YES_ERROR;
				GCC_WARN_UNDECLARED_SELECTOR = YES;
				GCC_WARN_UNINITIALIZED_AUTOS = YES_AGGRESSIVE;
				GCC_WARN_UNUSED_FUNCTION = YES;
				GCC_WARN_UNUSED_VARIABLE = YES;
				IPHONEOS_DEPLOYMENT_TARGET = 10.2;
				MTL_ENABLE_DEBUG_INFO = YES;
				ONLY_ACTIVE_ARCH = YES;
				SDKROOT = iphoneos;
				SWIFT_ACTIVE_COMPILATION_CONDITIONS = DEBUG;
				SWIFT_OPTIMIZATION_LEVEL = "-Onone";
				TARGETED_DEVICE_FAMILY = "1,2";
			};
			name = Debug;
		};
		A8F84D7E1E7E827900CD20B4 /* Release */ = {
			isa = XCBuildConfiguration;
			buildSettings = {
				ALWAYS_SEARCH_USER_PATHS = NO;
				CLANG_ANALYZER_NONNULL = YES;
				CLANG_CXX_LANGUAGE_STANDARD = "gnu++0x";
				CLANG_CXX_LIBRARY = "libc++";
				CLANG_ENABLE_MODULES = YES;
				CLANG_ENABLE_OBJC_ARC = YES;
				CLANG_WARN_BOOL_CONVERSION = YES;
				CLANG_WARN_CONSTANT_CONVERSION = YES;
				CLANG_WARN_DIRECT_OBJC_ISA_USAGE = YES_ERROR;
				CLANG_WARN_DOCUMENTATION_COMMENTS = YES;
				CLANG_WARN_EMPTY_BODY = YES;
				CLANG_WARN_ENUM_CONVERSION = YES;
				CLANG_WARN_INFINITE_RECURSION = YES;
				CLANG_WARN_INT_CONVERSION = YES;
				CLANG_WARN_OBJC_ROOT_CLASS = YES_ERROR;
				CLANG_WARN_SUSPICIOUS_MOVE = YES;
				CLANG_WARN_UNREACHABLE_CODE = YES;
				CLANG_WARN__DUPLICATE_METHOD_MATCH = YES;
				"CODE_SIGN_IDENTITY[sdk=iphoneos*]" = "iPhone Developer";
				COPY_PHASE_STRIP = NO;
				DEBUG_INFORMATION_FORMAT = "dwarf-with-dsym";
				ENABLE_NS_ASSERTIONS = NO;
				ENABLE_STRICT_OBJC_MSGSEND = YES;
				GCC_C_LANGUAGE_STANDARD = gnu99;
				GCC_NO_COMMON_BLOCKS = YES;
				GCC_WARN_64_TO_32_BIT_CONVERSION = YES;
				GCC_WARN_ABOUT_RETURN_TYPE = YES_ERROR;
				GCC_WARN_UNDECLARED_SELECTOR = YES;
				GCC_WARN_UNINITIALIZED_AUTOS = YES_AGGRESSIVE;
				GCC_WARN_UNUSED_FUNCTION = YES;
				GCC_WARN_UNUSED_VARIABLE = YES;
				IPHONEOS_DEPLOYMENT_TARGET = 10.2;
				MTL_ENABLE_DEBUG_INFO = NO;
				SDKROOT = iphoneos;
				SWIFT_OPTIMIZATION_LEVEL = "-Owholemodule";
				TARGETED_DEVICE_FAMILY = "1,2";
				VALIDATE_PRODUCT = YES;
			};
			name = Release;
		};
		A8F84D801E7E827900CD20B4 /* Debug */ = {
			isa = XCBuildConfiguration;
			baseConfigurationReference = CEFFAD9FA175982293A4013D /* Pods-mvvm-turorial.debug.xcconfig */;
			buildSettings = {
				ASSETCATALOG_COMPILER_APPICON_NAME = AppIcon;
				INFOPLIST_FILE = "mvvm-turorial/Info.plist";
				LD_RUNPATH_SEARCH_PATHS = "$(inherited) @executable_path/Frameworks";
				PRODUCT_BUNDLE_IDENTIFIER = "TheJason.mvvm-turorial";
				PRODUCT_NAME = "$(TARGET_NAME)";
				SWIFT_VERSION = 3.0;
			};
			name = Debug;
		};
		A8F84D811E7E827900CD20B4 /* Release */ = {
			isa = XCBuildConfiguration;
			baseConfigurationReference = AA1F9627CE06EACA067A214F /* Pods-mvvm-turorial.release.xcconfig */;
			buildSettings = {
				ASSETCATALOG_COMPILER_APPICON_NAME = AppIcon;
				INFOPLIST_FILE = "mvvm-turorial/Info.plist";
				LD_RUNPATH_SEARCH_PATHS = "$(inherited) @executable_path/Frameworks";
				PRODUCT_BUNDLE_IDENTIFIER = "TheJason.mvvm-turorial";
				PRODUCT_NAME = "$(TARGET_NAME)";
				SWIFT_VERSION = 3.0;
			};
			name = Release;
		};
		A8F84D831E7E827900CD20B4 /* Debug */ = {
			isa = XCBuildConfiguration;
			baseConfigurationReference = 7E3E5B0D28168EA00001AC82 /* Pods-mvvm-turorialTests.debug.xcconfig */;
			buildSettings = {
				ALWAYS_EMBED_SWIFT_STANDARD_LIBRARIES = YES;
				BUNDLE_LOADER = "$(TEST_HOST)";
				INFOPLIST_FILE = "mvvm-turorialTests/Info.plist";
				LD_RUNPATH_SEARCH_PATHS = "$(inherited) @executable_path/Frameworks @loader_path/Frameworks";
				PRODUCT_BUNDLE_IDENTIFIER = "TheJason.mvvm-turorialTests";
				PRODUCT_NAME = "$(TARGET_NAME)";
				SWIFT_VERSION = 3.0;
				TEST_HOST = "$(BUILT_PRODUCTS_DIR)/mvvm-turorial.app/mvvm-turorial";
			};
			name = Debug;
		};
		A8F84D841E7E827900CD20B4 /* Release */ = {
			isa = XCBuildConfiguration;
			baseConfigurationReference = E8CEDFAEC43183E85076AD83 /* Pods-mvvm-turorialTests.release.xcconfig */;
			buildSettings = {
				ALWAYS_EMBED_SWIFT_STANDARD_LIBRARIES = YES;
				BUNDLE_LOADER = "$(TEST_HOST)";
				INFOPLIST_FILE = "mvvm-turorialTests/Info.plist";
				LD_RUNPATH_SEARCH_PATHS = "$(inherited) @executable_path/Frameworks @loader_path/Frameworks";
				PRODUCT_BUNDLE_IDENTIFIER = "TheJason.mvvm-turorialTests";
				PRODUCT_NAME = "$(TARGET_NAME)";
				SWIFT_VERSION = 3.0;
				TEST_HOST = "$(BUILT_PRODUCTS_DIR)/mvvm-turorial.app/mvvm-turorial";
			};
			name = Release;
		};
		A8F84D861E7E827900CD20B4 /* Debug */ = {
			isa = XCBuildConfiguration;
			baseConfigurationReference = 3EDE03F3B5908C4C3E17672D /* Pods-mvvm-turorialUITests.debug.xcconfig */;
			buildSettings = {
				ALWAYS_EMBED_SWIFT_STANDARD_LIBRARIES = YES;
				INFOPLIST_FILE = "mvvm-turorialUITests/Info.plist";
				LD_RUNPATH_SEARCH_PATHS = "$(inherited) @executable_path/Frameworks @loader_path/Frameworks";
				PRODUCT_BUNDLE_IDENTIFIER = "TheJason.mvvm-turorialUITests";
				PRODUCT_NAME = "$(TARGET_NAME)";
				SWIFT_VERSION = 3.0;
				TEST_TARGET_NAME = "mvvm-turorial";
			};
			name = Debug;
		};
		A8F84D871E7E827900CD20B4 /* Release */ = {
			isa = XCBuildConfiguration;
			baseConfigurationReference = EEDE8F4414FAA142627A0148 /* Pods-mvvm-turorialUITests.release.xcconfig */;
			buildSettings = {
				ALWAYS_EMBED_SWIFT_STANDARD_LIBRARIES = YES;
				INFOPLIST_FILE = "mvvm-turorialUITests/Info.plist";
				LD_RUNPATH_SEARCH_PATHS = "$(inherited) @executable_path/Frameworks @loader_path/Frameworks";
				PRODUCT_BUNDLE_IDENTIFIER = "TheJason.mvvm-turorialUITests";
				PRODUCT_NAME = "$(TARGET_NAME)";
				SWIFT_VERSION = 3.0;
				TEST_TARGET_NAME = "mvvm-turorial";
			};
			name = Release;
		};
/* End XCBuildConfiguration section */

/* Begin XCConfigurationList section */
		A8F84D521E7E827800CD20B4 /* Build configuration list for PBXProject "mvvm-turorial" */ = {
			isa = XCConfigurationList;
			buildConfigurations = (
				A8F84D7D1E7E827900CD20B4 /* Debug */,
				A8F84D7E1E7E827900CD20B4 /* Release */,
			);
			defaultConfigurationIsVisible = 0;
			defaultConfigurationName = Release;
		};
		A8F84D7F1E7E827900CD20B4 /* Build configuration list for PBXNativeTarget "mvvm-turorial" */ = {
			isa = XCConfigurationList;
			buildConfigurations = (
				A8F84D801E7E827900CD20B4 /* Debug */,
				A8F84D811E7E827900CD20B4 /* Release */,
			);
			defaultConfigurationIsVisible = 0;
		};
		A8F84D821E7E827900CD20B4 /* Build configuration list for PBXNativeTarget "mvvm-turorialTests" */ = {
			isa = XCConfigurationList;
			buildConfigurations = (
				A8F84D831E7E827900CD20B4 /* Debug */,
				A8F84D841E7E827900CD20B4 /* Release */,
			);
			defaultConfigurationIsVisible = 0;
		};
		A8F84D851E7E827900CD20B4 /* Build configuration list for PBXNativeTarget "mvvm-turorialUITests" */ = {
			isa = XCConfigurationList;
			buildConfigurations = (
				A8F84D861E7E827900CD20B4 /* Debug */,
				A8F84D871E7E827900CD20B4 /* Release */,
			);
			defaultConfigurationIsVisible = 0;
		};
/* End XCConfigurationList section */
	};
	rootObject = A8F84D4F1E7E827800CD20B4 /* Project object */;
}
